
Microsoft Visual Studio Solution File, Format Version 12.00
# Visual Studio Version 16
VisualStudioVersion = 16.0.30709.132
MinimumVisualStudioVersion = 10.0.40219.1
Project("{8BC9CEB8-8B4A-11D0-8D11-00A0C91BC942}") = "TinyKaboom", "TinyKaboom\TinyKaboom.vcxproj", "{33FE19ED-CDEB-4B02-8915-890C790EEF0E}"
EndProject
Global
	GlobalSection(SolutionConfigurationPlatforms) = preSolution
		Debug|x64 = Debug|x64
		Debug|x86 = Debug|x86
		Release|x64 = Release|x64
		Release|x86 = Release|x86
	EndGlobalSection
	GlobalSection(ProjectConfigurationPlatforms) = postSolution
		{33FE19ED-CDEB-4B02-8915-890C790EEF0E}.Debug|x64.ActiveCfg = Debug|x64
		{33FE19ED-CDEB-4B02-8915-890C790EEF0E}.Debug|x64.Build.0 = Debug|x64
		{33FE19ED-CDEB-4B02-8915-890C790EEF0E}.Debug|x86.ActiveCfg = Debug|Win32
		{33FE19ED-CDEB-4B02-8915-890C790EEF0E}.Debug|x86.Build.0 = Debug|Win32
		{33FE19ED-CDEB-4B02-8915-890C790EEF0E}.Release|x64.ActiveCfg = Release|x64
		{33FE19ED-CDEB-4B02-8915-890C790EEF0E}.Release|x64.Build.0 = Release|x64
		{33FE19ED-CDEB-4B02-8915-890C790EEF0E}.Release|x86.ActiveCfg = Release|Win32
		{33FE19ED-CDEB-4B02-8915-890C790EEF0E}.Release|x86.Build.0 = Release|Win32
	EndGlobalSection
	GlobalSection(SolutionProperties) = preSolution
		HideSolutionNode = FALSE
	EndGlobalSection
	GlobalSection(ExtensibilityGlobals) = postSolution
		SolutionGuid = {FD7F3662-BF81-4A15-8B6D-6EF2D7273178}
	EndGlobalSection
EndGlobal
